
Microsoft Visual Studio Solution File, Format Version 12.00
# Visual Studio Version 17
VisualStudioVersion = 17.4.33213.308
MinimumVisualStudioVersion = 10.0.40219.1
Project("{F184B08F-C81C-45F6-A57F-5ABD9991F28F}") = "Posttest1", "Posttest1\Posttest1.vbproj", "{F56A4048-F982-4AC7-B597-021803090C05}"
EndProject
Global
	GlobalSection(SolutionConfigurationPlatforms) = preSolution
		Debug|Any CPU = Debug|Any CPU
		Release|Any CPU = Release|Any CPU
	EndGlobalSection
	GlobalSection(ProjectConfigurationPlatforms) = postSolution
		{F56A4048-F982-4AC7-B597-021803090C05}.Debug|Any CPU.ActiveCfg = Debug|Any CPU
		{F56A4048-F982-4AC7-B597-021803090C05}.Debug|Any CPU.Build.0 = Debug|Any CPU
		{F56A4048-F982-4AC7-B597-021803090C05}.Release|Any CPU.ActiveCfg = Release|Any CPU
		{F56A4048-F982-4AC7-B597-021803090C05}.Release|Any CPU.Build.0 = Release|Any CPU
	EndGlobalSection
	GlobalSection(SolutionProperties) = preSolution
		HideSolutionNode = FALSE
	EndGlobalSection
	GlobalSection(ExtensibilityGlobals) = postSolution
		SolutionGuid = {027F45EA-29AD-4FDF-AD5E-7EED6EC92FE8}
	EndGlobalSection
EndGlobal
